// !$*UTF8*$!
{
	archiveVersion = 1;
	classes = {
	};
	objectVersion = 46;
	objects = {

/* Begin PBXBuildFile section */
		9410659F1F26AA55002777AB /* ADSRViewController.swift in Sources */ = {isa = PBXBuildFile; fileRef = 9410659E1F26AA55002777AB /* ADSRViewController.swift */; };
		941065A21F26B038002777AB /* AKSynthOneParameter.swift in Sources */ = {isa = PBXBuildFile; fileRef = C47BE1431F26822E003501FF /* AKSynthOneParameter.swift */; };
		943B59611F36B4F200E5FBE6 /* TimeKnob.swift in Sources */ = {isa = PBXBuildFile; fileRef = 943B59601F36B4F200E5FBE6 /* TimeKnob.swift */; };
		9442BBDB1F48A47C00DCCD00 /* PopUpKeyboardController.swift in Sources */ = {isa = PBXBuildFile; fileRef = 9442BBDA1F48A47B00DCCD00 /* PopUpKeyboardController.swift */; };
		9442BBDC1F48A47C00DCCD00 /* PopUpKeyboardController.swift in Sources */ = {isa = PBXBuildFile; fileRef = 9442BBDA1F48A47B00DCCD00 /* PopUpKeyboardController.swift */; };
		945261401F2925610037662C /* AKTouchPadView.swift in Sources */ = {isa = PBXBuildFile; fileRef = 9452613E1F2925600037662C /* AKTouchPadView.swift */; };
		945261411F2925610037662C /* AKTouchPadView.swift in Sources */ = {isa = PBXBuildFile; fileRef = 9452613E1F2925600037662C /* AKTouchPadView.swift */; };
		945261481F2928870037662C /* TouchPadViewController.swift in Sources */ = {isa = PBXBuildFile; fileRef = 945261381F2918A60037662C /* TouchPadViewController.swift */; };
		945261491F2928880037662C /* TouchPadViewController.swift in Sources */ = {isa = PBXBuildFile; fileRef = 945261381F2918A60037662C /* TouchPadViewController.swift */; };
		945C3A041F3141F60086D58B /* ArpButtonStyleKit.swift in Sources */ = {isa = PBXBuildFile; fileRef = 945C3A021F3141F50086D58B /* ArpButtonStyleKit.swift */; };
		945C3A051F3141F60086D58B /* ArpButtonStyleKit.swift in Sources */ = {isa = PBXBuildFile; fileRef = 945C3A021F3141F50086D58B /* ArpButtonStyleKit.swift */; };
		945C3A061F3141F60086D58B /* ArpButton.swift in Sources */ = {isa = PBXBuildFile; fileRef = 945C3A031F3141F50086D58B /* ArpButton.swift */; };
		945C3A071F3141F60086D58B /* ArpButton.swift in Sources */ = {isa = PBXBuildFile; fileRef = 945C3A031F3141F50086D58B /* ArpButton.swift */; };
		945C3A101F3143A00086D58B /* SeqViewController.swift in Sources */ = {isa = PBXBuildFile; fileRef = 945C3A0F1F3143A00086D58B /* SeqViewController.swift */; };
		945C3A111F31450B0086D58B /* SeqViewController.swift in Sources */ = {isa = PBXBuildFile; fileRef = 945C3A0F1F3143A00086D58B /* SeqViewController.swift */; };
		9468E27A1F2827AC00C60B1B /* SettingsViewController.swift in Sources */ = {isa = PBXBuildFile; fileRef = 9468E2791F2827AC00C60B1B /* SettingsViewController.swift */; };
		947956A91F329AB200FE5D9B /* Stepper.swift in Sources */ = {isa = PBXBuildFile; fileRef = 947956A81F329AB100FE5D9B /* Stepper.swift */; };
		947956AA1F329AB200FE5D9B /* Stepper.swift in Sources */ = {isa = PBXBuildFile; fileRef = 947956A81F329AB100FE5D9B /* Stepper.swift */; };
		947956AB1F329AB200FE5D9B /* ArpDirectionButton.swift in Sources */ = {isa = PBXBuildFile; fileRef = 947956A61F329AB100FE5D9B /* ArpDirectionButton.swift */; };
		947956AC1F329AB200FE5D9B /* ArpDirectionButton.swift in Sources */ = {isa = PBXBuildFile; fileRef = 947956A61F329AB100FE5D9B /* ArpDirectionButton.swift */; };
		947956AD1F329AB200FE5D9B /* StepperStyleKit.swift in Sources */ = {isa = PBXBuildFile; fileRef = 947956A51F329AB100FE5D9B /* StepperStyleKit.swift */; };
		947956AE1F329AB200FE5D9B /* StepperStyleKit.swift in Sources */ = {isa = PBXBuildFile; fileRef = 947956A51F329AB100FE5D9B /* StepperStyleKit.swift */; };
		947956AF1F329AB200FE5D9B /* ArpDirectionStyleKit.swift in Sources */ = {isa = PBXBuildFile; fileRef = 947956A71F329AB100FE5D9B /* ArpDirectionStyleKit.swift */; };
		947956B01F329AB200FE5D9B /* ArpDirectionStyleKit.swift in Sources */ = {isa = PBXBuildFile; fileRef = 947956A71F329AB100FE5D9B /* ArpDirectionStyleKit.swift */; };
		947956B31F32A70400FE5D9B /* ToggleSwitchStyleKit.swift in Sources */ = {isa = PBXBuildFile; fileRef = 947956B21F32A70300FE5D9B /* ToggleSwitchStyleKit.swift */; };
		947956B41F32A70400FE5D9B /* ToggleSwitchStyleKit.swift in Sources */ = {isa = PBXBuildFile; fileRef = 947956B21F32A70300FE5D9B /* ToggleSwitchStyleKit.swift */; };
		947956B61F32A72400FE5D9B /* ToggleSwitch.swift in Sources */ = {isa = PBXBuildFile; fileRef = 947956B51F32A72400FE5D9B /* ToggleSwitch.swift */; };
		947956B71F32A72400FE5D9B /* ToggleSwitch.swift in Sources */ = {isa = PBXBuildFile; fileRef = 947956B51F32A72400FE5D9B /* ToggleSwitch.swift */; };
		9489EF631F3145ED00416F26 /* VerticalSlider.swift in Sources */ = {isa = PBXBuildFile; fileRef = 945C3A0E1F31428B0086D58B /* VerticalSlider.swift */; };
		9489EF641F3145EE00416F26 /* VerticalSlider.swift in Sources */ = {isa = PBXBuildFile; fileRef = 945C3A0E1F31428B0086D58B /* VerticalSlider.swift */; };
		9489EF651F3145F100416F26 /* SliderStyleKit.swift in Sources */ = {isa = PBXBuildFile; fileRef = 945C3A0D1F31428B0086D58B /* SliderStyleKit.swift */; };
		9489EF661F3145F200416F26 /* SliderStyleKit.swift in Sources */ = {isa = PBXBuildFile; fileRef = 945C3A0D1F31428B0086D58B /* SliderStyleKit.swift */; };
		948C54C31F3A57C600DA6081 /* SynthUIButton.swift in Sources */ = {isa = PBXBuildFile; fileRef = 948C54C21F3A57C600DA6081 /* SynthUIButton.swift */; };
		948C54C41F3A59F000DA6081 /* SynthUIButton.swift in Sources */ = {isa = PBXBuildFile; fileRef = 948C54C21F3A57C600DA6081 /* SynthUIButton.swift */; };
		948D33A91F4DFC08006E8276 /* FilterTypeButton.swift in Sources */ = {isa = PBXBuildFile; fileRef = 948D33A81F4DFC08006E8276 /* FilterTypeButton.swift */; };
		948D33AA1F4DFC08006E8276 /* FilterTypeButton.swift in Sources */ = {isa = PBXBuildFile; fileRef = 948D33A81F4DFC08006E8276 /* FilterTypeButton.swift */; };
		949D09341F34F6FB000FB6E0 /* LFOWavePicker.swift in Sources */ = {isa = PBXBuildFile; fileRef = 949D09331F34F6FA000FB6E0 /* LFOWavePicker.swift */; };
		949D09351F34F6FB000FB6E0 /* LFOWavePicker.swift in Sources */ = {isa = PBXBuildFile; fileRef = 949D09331F34F6FA000FB6E0 /* LFOWavePicker.swift */; };
		949D09361F34F6FB000FB6E0 /* LFOPickerStyleKit.swift in Sources */ = {isa = PBXBuildFile; fileRef = 949D09321F34F6FA000FB6E0 /* LFOPickerStyleKit.swift */; };
		949D09371F34F6FB000FB6E0 /* LFOPickerStyleKit.swift in Sources */ = {isa = PBXBuildFile; fileRef = 949D09321F34F6FA000FB6E0 /* LFOPickerStyleKit.swift */; };
		949D93B71F2C188C007E657B /* LfoBtnStyleKit.swift in Sources */ = {isa = PBXBuildFile; fileRef = 949D93B61F2C188B007E657B /* LfoBtnStyleKit.swift */; };
		949D93B81F2C188C007E657B /* LfoBtnStyleKit.swift in Sources */ = {isa = PBXBuildFile; fileRef = 949D93B61F2C188B007E657B /* LfoBtnStyleKit.swift */; };
		949D93B91F2C188C007E657B /* LfoButton.swift in Sources */ = {isa = PBXBuildFile; fileRef = 949D93B51F2C188B007E657B /* LfoButton.swift */; };
		949D93BA1F2C188C007E657B /* LfoButton.swift in Sources */ = {isa = PBXBuildFile; fileRef = 949D93B51F2C188B007E657B /* LfoButton.swift */; };
		94AF73FF1F55FAAF00ED8B51 /* TouchPointStyleKit.swift in Sources */ = {isa = PBXBuildFile; fileRef = 94AF73FE1F55FAAE00ED8B51 /* TouchPointStyleKit.swift */; };
		94AF74001F55FAAF00ED8B51 /* TouchPointStyleKit.swift in Sources */ = {isa = PBXBuildFile; fileRef = 94AF73FE1F55FAAE00ED8B51 /* TouchPointStyleKit.swift */; };
		94AF74021F55FF9700ED8B51 /* TouchPoint.swift in Sources */ = {isa = PBXBuildFile; fileRef = 94AF74011F55FF9700ED8B51 /* TouchPoint.swift */; };
		94AF74031F56008700ED8B51 /* TouchPoint.swift in Sources */ = {isa = PBXBuildFile; fileRef = 94AF74011F55FF9700ED8B51 /* TouchPoint.swift */; };
		94AF74061F56339C00ED8B51 /* BlackKeyStyleKit.swift in Sources */ = {isa = PBXBuildFile; fileRef = 94AF74051F56339B00ED8B51 /* BlackKeyStyleKit.swift */; };
		94AF74071F56339C00ED8B51 /* BlackKeyStyleKit.swift in Sources */ = {isa = PBXBuildFile; fileRef = 94AF74051F56339B00ED8B51 /* BlackKeyStyleKit.swift */; };
		94B69C3B1F297E2800191C87 /* FXViewController.swift in Sources */ = {isa = PBXBuildFile; fileRef = 94B69C3A1F297E2800191C87 /* FXViewController.swift */; };
		94B69C3C1F297E9F00191C87 /* FXViewController.swift in Sources */ = {isa = PBXBuildFile; fileRef = 94B69C3A1F297E2800191C87 /* FXViewController.swift */; };
		94BDBD661F282956007BB7BD /* SettingsViewController.swift in Sources */ = {isa = PBXBuildFile; fileRef = 9468E2791F2827AC00C60B1B /* SettingsViewController.swift */; };
		94CA7BAD1F27B86D00253C09 /* UpdatableViewController.swift in Sources */ = {isa = PBXBuildFile; fileRef = 94CA7BAC1F27B86D00253C09 /* UpdatableViewController.swift */; };
		94CA7BAE1F27BCE200253C09 /* UpdatableViewController.swift in Sources */ = {isa = PBXBuildFile; fileRef = 94CA7BAC1F27B86D00253C09 /* UpdatableViewController.swift */; };
		94CA7BAF1F27BD1F00253C09 /* ADSRViewController.swift in Sources */ = {isa = PBXBuildFile; fileRef = 9410659E1F26AA55002777AB /* ADSRViewController.swift */; };
		94D917AC1F550D0E006ACB4E /* FlatToggleButtonStyleKit.swift in Sources */ = {isa = PBXBuildFile; fileRef = 94D917AB1F550D0D006ACB4E /* FlatToggleButtonStyleKit.swift */; };
		94D917AD1F550D0E006ACB4E /* FlatToggleButtonStyleKit.swift in Sources */ = {isa = PBXBuildFile; fileRef = 94D917AB1F550D0D006ACB4E /* FlatToggleButtonStyleKit.swift */; };
		94D917AF1F550D28006ACB4E /* FlatToggleButton.swift in Sources */ = {isa = PBXBuildFile; fileRef = 94D917AE1F550D28006ACB4E /* FlatToggleButton.swift */; };
		94D917B01F550D28006ACB4E /* FlatToggleButton.swift in Sources */ = {isa = PBXBuildFile; fileRef = 94D917AE1F550D28006ACB4E /* FlatToggleButton.swift */; };
		94DB18CF1F37D7EE008368AE /* NavButtonStyleKit.swift in Sources */ = {isa = PBXBuildFile; fileRef = 94DB18CE1F37D7ED008368AE /* NavButtonStyleKit.swift */; };
		94DB18D01F37D7EE008368AE /* NavButtonStyleKit.swift in Sources */ = {isa = PBXBuildFile; fileRef = 94DB18CE1F37D7ED008368AE /* NavButtonStyleKit.swift */; };
		94DB18D21F37D879008368AE /* NavButton.swift in Sources */ = {isa = PBXBuildFile; fileRef = 94DB18D11F37D879008368AE /* NavButton.swift */; };
		94DB18D31F37DD4B008368AE /* NavButton.swift in Sources */ = {isa = PBXBuildFile; fileRef = 94DB18D11F37D879008368AE /* NavButton.swift */; };
		94E951351F3644E5009A8B00 /* Rate.swift in Sources */ = {isa = PBXBuildFile; fileRef = 94E951341F3644E5009A8B00 /* Rate.swift */; };
		94FBAFDF1F42870B0071235B /* SynthKeyboard.swift in Sources */ = {isa = PBXBuildFile; fileRef = 94FBAFDE1F42870B0071235B /* SynthKeyboard.swift */; };
		94FBAFE01F42873F0071235B /* SynthKeyboard.swift in Sources */ = {isa = PBXBuildFile; fileRef = 94FBAFDE1F42870B0071235B /* SynthKeyboard.swift */; };
		94FBAFE21F42A94E0071235B /* TempoStyleKit.swift in Sources */ = {isa = PBXBuildFile; fileRef = 94FBAFE11F42A94E0071235B /* TempoStyleKit.swift */; };
		94FBAFE31F42A94E0071235B /* TempoStyleKit.swift in Sources */ = {isa = PBXBuildFile; fileRef = 94FBAFE11F42A94E0071235B /* TempoStyleKit.swift */; };
		94FBAFE51F42A9630071235B /* TempoStepper.swift in Sources */ = {isa = PBXBuildFile; fileRef = 94FBAFE41F42A9630071235B /* TempoStepper.swift */; };
		94FBAFE61F42A97B0071235B /* TempoStepper.swift in Sources */ = {isa = PBXBuildFile; fileRef = 94FBAFE41F42A9630071235B /* TempoStepper.swift */; };
		94FEFEC81F3150D00064EC09 /* TransposeButton.swift in Sources */ = {isa = PBXBuildFile; fileRef = 94FEFEC71F3150D00064EC09 /* TransposeButton.swift */; };
		94FEFEC91F3150D00064EC09 /* TransposeButton.swift in Sources */ = {isa = PBXBuildFile; fileRef = 94FEFEC71F3150D00064EC09 /* TransposeButton.swift */; };
		C4060ABE1F24561A00BB8882 /* ToggleButtonStyleKit.swift in Sources */ = {isa = PBXBuildFile; fileRef = C4F7ECA61F2446960011B119 /* ToggleButtonStyleKit.swift */; };
		C4060AC01F24561A00BB8882 /* Knob+Touches.swift in Sources */ = {isa = PBXBuildFile; fileRef = C4F7ECA81F2446960011B119 /* Knob+Touches.swift */; };
		C4060AC11F24561A00BB8882 /* Knob.swift in Sources */ = {isa = PBXBuildFile; fileRef = C4F7ECA91F2446960011B119 /* Knob.swift */; };
		C4060AC21F24561A00BB8882 /* KnobStyleKit.swift in Sources */ = {isa = PBXBuildFile; fileRef = C4F7ECAA1F2446960011B119 /* KnobStyleKit.swift */; };
		C4060AC31F24561A00BB8882 /* ToggleButton.swift in Sources */ = {isa = PBXBuildFile; fileRef = C4F7ECAB1F2446960011B119 /* ToggleButton.swift */; };
		C4060AC41F24568600BB8882 /* CGFloat+Extensions.swift in Sources */ = {isa = PBXBuildFile; fileRef = C4F7ECBA1F244AD40011B119 /* CGFloat+Extensions.swift */; };
		C4060AC51F24568600BB8882 /* Double+Extensions.swift in Sources */ = {isa = PBXBuildFile; fileRef = C4F7ECBB1F244AD40011B119 /* Double+Extensions.swift */; };
		C4060AC61F24568600BB8882 /* ViewController+DisplayAlert.swift in Sources */ = {isa = PBXBuildFile; fileRef = C4F7ECBD1F244AD40011B119 /* ViewController+DisplayAlert.swift */; };
		C4060AC71F2457CB00BB8882 /* Assets.xcassets in Resources */ = {isa = PBXBuildFile; fileRef = C4D193CE1F1187B500FF4FE4 /* Assets.xcassets */; };
		C40770EC1F2569C8007F2C77 /* SourceMixerViewController.swift in Sources */ = {isa = PBXBuildFile; fileRef = C40770EB1F2569C8007F2C77 /* SourceMixerViewController.swift */; };
		C40770ED1F25703B007F2C77 /* SourceMixerViewController.swift in Sources */ = {isa = PBXBuildFile; fileRef = C40770EB1F2569C8007F2C77 /* SourceMixerViewController.swift */; };
		C40770EE1F257124007F2C77 /* HeaderViewContoller.swift in Sources */ = {isa = PBXBuildFile; fileRef = C4CD8DED1F2522270011066A /* HeaderViewContoller.swift */; };
		C41F29D51F1332A500909D45 /* AudioKit.framework in Frameworks */ = {isa = PBXBuildFile; fileRef = C46DE1001F13301D0060DD79 /* AudioKit.framework */; };
		C41F29D61F1332A500909D45 /* AudioKit.framework in Embed Frameworks */ = {isa = PBXBuildFile; fileRef = C46DE1001F13301D0060DD79 /* AudioKit.framework */; settings = {ATTRIBUTES = (CodeSignOnCopy, RemoveHeadersOnCopy, ); }; };
		C41F29D91F1332A900909D45 /* AudioKit.framework in Frameworks */ = {isa = PBXBuildFile; fileRef = C46DE1001F13301D0060DD79 /* AudioKit.framework */; };
		C474D9511F13172B00946035 /* AudioUnitViewController.swift in Sources */ = {isa = PBXBuildFile; fileRef = C474D9501F13172B00946035 /* AudioUnitViewController.swift */; };
		C474D9541F13172B00946035 /* MainInterface.storyboard in Resources */ = {isa = PBXBuildFile; fileRef = C474D9521F13172B00946035 /* MainInterface.storyboard */; };
		C474D9591F13172B00946035 /* SynthOne.appex in Embed App Extensions */ = {isa = PBXBuildFile; fileRef = C474D94B1F13172B00946035 /* SynthOne.appex */; settings = {ATTRIBUTES = (RemoveHeadersOnCopy, ); }; };
		C47BE1441F26822F003501FF /* AKSynthOneParameter.swift in Sources */ = {isa = PBXBuildFile; fileRef = C47BE1431F26822E003501FF /* AKSynthOneParameter.swift */; };
		C47FB3C31F36694300EF2F01 /* RateKnob.swift in Sources */ = {isa = PBXBuildFile; fileRef = C47FB3C21F36694300EF2F01 /* RateKnob.swift */; };
		C47FB3C41F366BBD00EF2F01 /* RateKnob.swift in Sources */ = {isa = PBXBuildFile; fileRef = C47FB3C21F36694300EF2F01 /* RateKnob.swift */; };
		C47FB3C51F366D6400EF2F01 /* Rate.swift in Sources */ = {isa = PBXBuildFile; fileRef = 94E951341F3644E5009A8B00 /* Rate.swift */; };
		C4CD8DDF1F2482FF0011066A /* AKSynthOne.swift in Sources */ = {isa = PBXBuildFile; fileRef = C4CD8DDE1F2482FF0011066A /* AKSynthOne.swift */; };
		C4CD8DE41F248C570011066A /* SynthOneViewController.swift in Sources */ = {isa = PBXBuildFile; fileRef = C4D193C91F1187B500FF4FE4 /* SynthOneViewController.swift */; };
		C4CD8DE81F2497850011066A /* AKSynthOne.swift in Sources */ = {isa = PBXBuildFile; fileRef = C4CD8DDE1F2482FF0011066A /* AKSynthOne.swift */; };
		C4CD8DEA1F24A77D0011066A /* Conductor.swift in Sources */ = {isa = PBXBuildFile; fileRef = C4CD8DE91F24A77C0011066A /* Conductor.swift */; };
		C4CD8DEB1F24A9CE0011066A /* Conductor.swift in Sources */ = {isa = PBXBuildFile; fileRef = C4CD8DE91F24A77C0011066A /* Conductor.swift */; };
		C4CD8DEE1F2522270011066A /* HeaderViewContoller.swift in Sources */ = {isa = PBXBuildFile; fileRef = C4CD8DED1F2522270011066A /* HeaderViewContoller.swift */; };
		C4D193C81F1187B500FF4FE4 /* AppDelegate.swift in Sources */ = {isa = PBXBuildFile; fileRef = C4D193C71F1187B500FF4FE4 /* AppDelegate.swift */; };
		C4D193CA1F1187B500FF4FE4 /* SynthOneViewController.swift in Sources */ = {isa = PBXBuildFile; fileRef = C4D193C91F1187B500FF4FE4 /* SynthOneViewController.swift */; };
		C4D193CD1F1187B500FF4FE4 /* Main.storyboard in Resources */ = {isa = PBXBuildFile; fileRef = C4D193CB1F1187B500FF4FE4 /* Main.storyboard */; };
		C4D193CF1F1187B500FF4FE4 /* Assets.xcassets in Resources */ = {isa = PBXBuildFile; fileRef = C4D193CE1F1187B500FF4FE4 /* Assets.xcassets */; };
		C4EDB6C21F26DFE9006B828C /* MorphSelector.swift in Sources */ = {isa = PBXBuildFile; fileRef = C4EDB6C11F26DFE2006B828C /* MorphSelector.swift */; };
		C4EDB6C31F26DFEA006B828C /* MorphSelector.swift in Sources */ = {isa = PBXBuildFile; fileRef = C4EDB6C11F26DFE2006B828C /* MorphSelector.swift */; };
		C4F7ECAF1F244A4B0011B119 /* ToggleButtonStyleKit.swift in Sources */ = {isa = PBXBuildFile; fileRef = C4F7ECA61F2446960011B119 /* ToggleButtonStyleKit.swift */; };
		C4F7ECB51F244A510011B119 /* Knob+Touches.swift in Sources */ = {isa = PBXBuildFile; fileRef = C4F7ECA81F2446960011B119 /* Knob+Touches.swift */; };
		C4F7ECB61F244A510011B119 /* Knob.swift in Sources */ = {isa = PBXBuildFile; fileRef = C4F7ECA91F2446960011B119 /* Knob.swift */; };
		C4F7ECB71F244A510011B119 /* KnobStyleKit.swift in Sources */ = {isa = PBXBuildFile; fileRef = C4F7ECAA1F2446960011B119 /* KnobStyleKit.swift */; };
		C4F7ECB81F244A510011B119 /* ToggleButton.swift in Sources */ = {isa = PBXBuildFile; fileRef = C4F7ECAB1F2446960011B119 /* ToggleButton.swift */; };
		C4F7ECBE1F244ADB0011B119 /* CGFloat+Extensions.swift in Sources */ = {isa = PBXBuildFile; fileRef = C4F7ECBA1F244AD40011B119 /* CGFloat+Extensions.swift */; };
		C4F7ECBF1F244ADB0011B119 /* Double+Extensions.swift in Sources */ = {isa = PBXBuildFile; fileRef = C4F7ECBB1F244AD40011B119 /* Double+Extensions.swift */; };
		C4F7ECC11F244ADB0011B119 /* ViewController+DisplayAlert.swift in Sources */ = {isa = PBXBuildFile; fileRef = C4F7ECBD1F244AD40011B119 /* ViewController+DisplayAlert.swift */; };
/* End PBXBuildFile section */

/* Begin PBXContainerItemProxy section */
		C41F29D71F1332A500909D45 /* PBXContainerItemProxy */ = {
			isa = PBXContainerItemProxy;
			containerPortal = C46DE0FB1F13301C0060DD79 /* AudioKit For iOS.xcodeproj */;
			proxyType = 1;
			remoteGlobalIDString = C42F34FF1C057E03000E937C;
			remoteInfo = AudioKit;
		};
		C46DE0FF1F13301D0060DD79 /* PBXContainerItemProxy */ = {
			isa = PBXContainerItemProxy;
			containerPortal = C46DE0FB1F13301C0060DD79 /* AudioKit For iOS.xcodeproj */;
			proxyType = 2;
			remoteGlobalIDString = C42F35001C057E03000E937C;
			remoteInfo = AudioKit;
		};
		C474D9571F13172B00946035 /* PBXContainerItemProxy */ = {
			isa = PBXContainerItemProxy;
			containerPortal = C4D193BC1F1187B500FF4FE4 /* Project object */;
			proxyType = 1;
			remoteGlobalIDString = C474D94A1F13172B00946035;
			remoteInfo = SynthOne;
		};
/* End PBXContainerItemProxy section */

/* Begin PBXCopyFilesBuildPhase section */
		C474D95D1F13172B00946035 /* Embed App Extensions */ = {
			isa = PBXCopyFilesBuildPhase;
			buildActionMask = 2147483647;
			dstPath = "";
			dstSubfolderSpec = 13;
			files = (
				C474D9591F13172B00946035 /* SynthOne.appex in Embed App Extensions */,
			);
			name = "Embed App Extensions";
			runOnlyForDeploymentPostprocessing = 0;
		};
		C474D97D1F1325D700946035 /* Embed Frameworks */ = {
			isa = PBXCopyFilesBuildPhase;
			buildActionMask = 2147483647;
			dstPath = "";
			dstSubfolderSpec = 10;
			files = (
				C41F29D61F1332A500909D45 /* AudioKit.framework in Embed Frameworks */,
			);
			name = "Embed Frameworks";
			runOnlyForDeploymentPostprocessing = 0;
		};
/* End PBXCopyFilesBuildPhase section */

/* Begin PBXFileReference section */
		9410659E1F26AA55002777AB /* ADSRViewController.swift */ = {isa = PBXFileReference; lastKnownFileType = sourcecode.swift; path = ADSRViewController.swift; sourceTree = "<group>"; };
		943B59601F36B4F200E5FBE6 /* TimeKnob.swift */ = {isa = PBXFileReference; lastKnownFileType = sourcecode.swift; path = TimeKnob.swift; sourceTree = "<group>"; };
		9442BBDA1F48A47B00DCCD00 /* PopUpKeyboardController.swift */ = {isa = PBXFileReference; lastKnownFileType = sourcecode.swift; path = PopUpKeyboardController.swift; sourceTree = "<group>"; };
		945261381F2918A60037662C /* TouchPadViewController.swift */ = {isa = PBXFileReference; lastKnownFileType = sourcecode.swift; path = TouchPadViewController.swift; sourceTree = "<group>"; };
		9452613E1F2925600037662C /* AKTouchPadView.swift */ = {isa = PBXFileReference; lastKnownFileType = sourcecode.swift; path = AKTouchPadView.swift; sourceTree = "<group>"; };
		945C3A021F3141F50086D58B /* ArpButtonStyleKit.swift */ = {isa = PBXFileReference; lastKnownFileType = sourcecode.swift; path = ArpButtonStyleKit.swift; sourceTree = "<group>"; };
		945C3A031F3141F50086D58B /* ArpButton.swift */ = {isa = PBXFileReference; lastKnownFileType = sourcecode.swift; path = ArpButton.swift; sourceTree = "<group>"; };
		945C3A0C1F31425D0086D58B /* Arpeggiator.swift */ = {isa = PBXFileReference; lastKnownFileType = sourcecode.swift; path = Arpeggiator.swift; sourceTree = "<group>"; };
		945C3A0D1F31428B0086D58B /* SliderStyleKit.swift */ = {isa = PBXFileReference; lastKnownFileType = sourcecode.swift; path = SliderStyleKit.swift; sourceTree = "<group>"; };
		945C3A0E1F31428B0086D58B /* VerticalSlider.swift */ = {isa = PBXFileReference; lastKnownFileType = sourcecode.swift; path = VerticalSlider.swift; sourceTree = "<group>"; };
		945C3A0F1F3143A00086D58B /* SeqViewController.swift */ = {isa = PBXFileReference; lastKnownFileType = sourcecode.swift; path = SeqViewController.swift; sourceTree = "<group>"; };
		9468E2791F2827AC00C60B1B /* SettingsViewController.swift */ = {isa = PBXFileReference; lastKnownFileType = sourcecode.swift; path = SettingsViewController.swift; sourceTree = "<group>"; };
		947956A51F329AB100FE5D9B /* StepperStyleKit.swift */ = {isa = PBXFileReference; lastKnownFileType = sourcecode.swift; path = StepperStyleKit.swift; sourceTree = "<group>"; };
		947956A61F329AB100FE5D9B /* ArpDirectionButton.swift */ = {isa = PBXFileReference; lastKnownFileType = sourcecode.swift; path = ArpDirectionButton.swift; sourceTree = "<group>"; };
		947956A71F329AB100FE5D9B /* ArpDirectionStyleKit.swift */ = {isa = PBXFileReference; lastKnownFileType = sourcecode.swift; path = ArpDirectionStyleKit.swift; sourceTree = "<group>"; };
		947956A81F329AB100FE5D9B /* Stepper.swift */ = {isa = PBXFileReference; lastKnownFileType = sourcecode.swift; path = Stepper.swift; sourceTree = "<group>"; };
		947956B21F32A70300FE5D9B /* ToggleSwitchStyleKit.swift */ = {isa = PBXFileReference; lastKnownFileType = sourcecode.swift; path = ToggleSwitchStyleKit.swift; sourceTree = "<group>"; };
		947956B51F32A72400FE5D9B /* ToggleSwitch.swift */ = {isa = PBXFileReference; lastKnownFileType = sourcecode.swift; path = ToggleSwitch.swift; sourceTree = "<group>"; };
		948C54C21F3A57C600DA6081 /* SynthUIButton.swift */ = {isa = PBXFileReference; lastKnownFileType = sourcecode.swift; path = SynthUIButton.swift; sourceTree = "<group>"; };
		948D33A81F4DFC08006E8276 /* FilterTypeButton.swift */ = {isa = PBXFileReference; lastKnownFileType = sourcecode.swift; path = FilterTypeButton.swift; sourceTree = "<group>"; };
		949D09321F34F6FA000FB6E0 /* LFOPickerStyleKit.swift */ = {isa = PBXFileReference; lastKnownFileType = sourcecode.swift; path = LFOPickerStyleKit.swift; sourceTree = "<group>"; };
		949D09331F34F6FA000FB6E0 /* LFOWavePicker.swift */ = {isa = PBXFileReference; lastKnownFileType = sourcecode.swift; path = LFOWavePicker.swift; sourceTree = "<group>"; };
		949D93B51F2C188B007E657B /* LfoButton.swift */ = {isa = PBXFileReference; lastKnownFileType = sourcecode.swift; path = LfoButton.swift; sourceTree = "<group>"; };
		949D93B61F2C188B007E657B /* LfoBtnStyleKit.swift */ = {isa = PBXFileReference; lastKnownFileType = sourcecode.swift; path = LfoBtnStyleKit.swift; sourceTree = "<group>"; };
		94AF73FE1F55FAAE00ED8B51 /* TouchPointStyleKit.swift */ = {isa = PBXFileReference; lastKnownFileType = sourcecode.swift; path = TouchPointStyleKit.swift; sourceTree = "<group>"; };
		94AF74011F55FF9700ED8B51 /* TouchPoint.swift */ = {isa = PBXFileReference; lastKnownFileType = sourcecode.swift; path = TouchPoint.swift; sourceTree = "<group>"; };
		94AF74051F56339B00ED8B51 /* BlackKeyStyleKit.swift */ = {isa = PBXFileReference; lastKnownFileType = sourcecode.swift; path = BlackKeyStyleKit.swift; sourceTree = "<group>"; };
		94B69C3A1F297E2800191C87 /* FXViewController.swift */ = {isa = PBXFileReference; lastKnownFileType = sourcecode.swift; path = FXViewController.swift; sourceTree = "<group>"; };
		94CA7BAC1F27B86D00253C09 /* UpdatableViewController.swift */ = {isa = PBXFileReference; lastKnownFileType = sourcecode.swift; path = UpdatableViewController.swift; sourceTree = "<group>"; };
		94D917AB1F550D0D006ACB4E /* FlatToggleButtonStyleKit.swift */ = {isa = PBXFileReference; lastKnownFileType = sourcecode.swift; path = FlatToggleButtonStyleKit.swift; sourceTree = "<group>"; };
		94D917AE1F550D28006ACB4E /* FlatToggleButton.swift */ = {isa = PBXFileReference; lastKnownFileType = sourcecode.swift; path = FlatToggleButton.swift; sourceTree = "<group>"; };
		94DB18CE1F37D7ED008368AE /* NavButtonStyleKit.swift */ = {isa = PBXFileReference; lastKnownFileType = sourcecode.swift; path = NavButtonStyleKit.swift; sourceTree = "<group>"; };
		94DB18D11F37D879008368AE /* NavButton.swift */ = {isa = PBXFileReference; lastKnownFileType = sourcecode.swift; path = NavButton.swift; sourceTree = "<group>"; };
		94E951341F3644E5009A8B00 /* Rate.swift */ = {isa = PBXFileReference; lastKnownFileType = sourcecode.swift; path = Rate.swift; sourceTree = "<group>"; };
		94FBAFDE1F42870B0071235B /* SynthKeyboard.swift */ = {isa = PBXFileReference; lastKnownFileType = sourcecode.swift; path = SynthKeyboard.swift; sourceTree = "<group>"; };
		94FBAFE11F42A94E0071235B /* TempoStyleKit.swift */ = {isa = PBXFileReference; lastKnownFileType = sourcecode.swift; path = TempoStyleKit.swift; sourceTree = "<group>"; };
		94FBAFE41F42A9630071235B /* TempoStepper.swift */ = {isa = PBXFileReference; lastKnownFileType = sourcecode.swift; path = TempoStepper.swift; sourceTree = "<group>"; };
		94FEFEC71F3150D00064EC09 /* TransposeButton.swift */ = {isa = PBXFileReference; lastKnownFileType = sourcecode.swift; path = TransposeButton.swift; sourceTree = "<group>"; };
		C40770EB1F2569C8007F2C77 /* SourceMixerViewController.swift */ = {isa = PBXFileReference; lastKnownFileType = sourcecode.swift; path = SourceMixerViewController.swift; sourceTree = "<group>"; };
		C46DE0FB1F13301C0060DD79 /* AudioKit For iOS.xcodeproj */ = {isa = PBXFileReference; lastKnownFileType = "wrapper.pb-project"; name = "AudioKit For iOS.xcodeproj"; path = "../../../AudioKit/AudioKit/iOS/AudioKit For iOS.xcodeproj"; sourceTree = "<group>"; };
		C46E16071F27FF9C00A518F5 /* Testing.playground */ = {isa = PBXFileReference; lastKnownFileType = file.playground; path = Testing.playground; sourceTree = "<group>"; xcLanguageSpecificationIdentifier = xcode.lang.swift; };
		C474D94B1F13172B00946035 /* SynthOne.appex */ = {isa = PBXFileReference; explicitFileType = "wrapper.app-extension"; includeInIndex = 0; path = SynthOne.appex; sourceTree = BUILT_PRODUCTS_DIR; };
		C474D9501F13172B00946035 /* AudioUnitViewController.swift */ = {isa = PBXFileReference; lastKnownFileType = sourcecode.swift; path = AudioUnitViewController.swift; sourceTree = "<group>"; };
		C474D9531F13172B00946035 /* Base */ = {isa = PBXFileReference; lastKnownFileType = file.storyboard; name = Base; path = Base.lproj/MainInterface.storyboard; sourceTree = "<group>"; };
		C474D9551F13172B00946035 /* Info.plist */ = {isa = PBXFileReference; lastKnownFileType = text.plist.xml; path = Info.plist; sourceTree = "<group>"; };
		C47BE1431F26822E003501FF /* AKSynthOneParameter.swift */ = {isa = PBXFileReference; fileEncoding = 4; lastKnownFileType = sourcecode.swift; name = AKSynthOneParameter.swift; path = ../../../Common/AKSynthOneParameter.swift; sourceTree = "<group>"; };
		C47FB3C21F36694300EF2F01 /* RateKnob.swift */ = {isa = PBXFileReference; lastKnownFileType = sourcecode.swift; path = RateKnob.swift; sourceTree = "<group>"; };
		C4CD8DDE1F2482FF0011066A /* AKSynthOne.swift */ = {isa = PBXFileReference; fileEncoding = 4; lastKnownFileType = sourcecode.swift; name = AKSynthOne.swift; path = ../../../Common/AKSynthOne.swift; sourceTree = "<group>"; };
		C4CD8DE91F24A77C0011066A /* Conductor.swift */ = {isa = PBXFileReference; lastKnownFileType = sourcecode.swift; path = Conductor.swift; sourceTree = "<group>"; };
		C4CD8DED1F2522270011066A /* HeaderViewContoller.swift */ = {isa = PBXFileReference; lastKnownFileType = sourcecode.swift; path = HeaderViewContoller.swift; sourceTree = "<group>"; };
		C4D193C41F1187B500FF4FE4 /* AudioKitSynthOne.app */ = {isa = PBXFileReference; explicitFileType = wrapper.application; includeInIndex = 0; path = AudioKitSynthOne.app; sourceTree = BUILT_PRODUCTS_DIR; };
		C4D193C71F1187B500FF4FE4 /* AppDelegate.swift */ = {isa = PBXFileReference; lastKnownFileType = sourcecode.swift; path = AppDelegate.swift; sourceTree = "<group>"; };
		C4D193C91F1187B500FF4FE4 /* SynthOneViewController.swift */ = {isa = PBXFileReference; lastKnownFileType = sourcecode.swift; path = SynthOneViewController.swift; sourceTree = "<group>"; };
		C4D193CC1F1187B500FF4FE4 /* Base */ = {isa = PBXFileReference; lastKnownFileType = file.storyboard; name = Base; path = Base.lproj/Main.storyboard; sourceTree = "<group>"; };
		C4D193CE1F1187B500FF4FE4 /* Assets.xcassets */ = {isa = PBXFileReference; lastKnownFileType = folder.assetcatalog; path = Assets.xcassets; sourceTree = "<group>"; };
		C4D193D31F1187B500FF4FE4 /* Info.plist */ = {isa = PBXFileReference; lastKnownFileType = text.plist.xml; path = Info.plist; sourceTree = "<group>"; };
		C4EDB6C11F26DFE2006B828C /* MorphSelector.swift */ = {isa = PBXFileReference; lastKnownFileType = sourcecode.swift; path = MorphSelector.swift; sourceTree = "<group>"; };
		C4F7ECA61F2446960011B119 /* ToggleButtonStyleKit.swift */ = {isa = PBXFileReference; lastKnownFileType = sourcecode.swift; path = ToggleButtonStyleKit.swift; sourceTree = "<group>"; };
		C4F7ECA81F2446960011B119 /* Knob+Touches.swift */ = {isa = PBXFileReference; lastKnownFileType = sourcecode.swift; path = "Knob+Touches.swift"; sourceTree = "<group>"; };
		C4F7ECA91F2446960011B119 /* Knob.swift */ = {isa = PBXFileReference; lastKnownFileType = sourcecode.swift; path = Knob.swift; sourceTree = "<group>"; };
		C4F7ECAA1F2446960011B119 /* KnobStyleKit.swift */ = {isa = PBXFileReference; lastKnownFileType = sourcecode.swift; path = KnobStyleKit.swift; sourceTree = "<group>"; };
		C4F7ECAB1F2446960011B119 /* ToggleButton.swift */ = {isa = PBXFileReference; lastKnownFileType = sourcecode.swift; path = ToggleButton.swift; sourceTree = "<group>"; };
		C4F7ECBA1F244AD40011B119 /* CGFloat+Extensions.swift */ = {isa = PBXFileReference; lastKnownFileType = sourcecode.swift; path = "CGFloat+Extensions.swift"; sourceTree = "<group>"; };
		C4F7ECBB1F244AD40011B119 /* Double+Extensions.swift */ = {isa = PBXFileReference; lastKnownFileType = sourcecode.swift; path = "Double+Extensions.swift"; sourceTree = "<group>"; };
		C4F7ECBD1F244AD40011B119 /* ViewController+DisplayAlert.swift */ = {isa = PBXFileReference; lastKnownFileType = sourcecode.swift; path = "ViewController+DisplayAlert.swift"; sourceTree = "<group>"; };
/* End PBXFileReference section */

/* Begin PBXFrameworksBuildPhase section */
		C474D9481F13172B00946035 /* Frameworks */ = {
			isa = PBXFrameworksBuildPhase;
			buildActionMask = 2147483647;
			files = (
				C41F29D91F1332A900909D45 /* AudioKit.framework in Frameworks */,
			);
			runOnlyForDeploymentPostprocessing = 0;
		};
		C4D193C11F1187B500FF4FE4 /* Frameworks */ = {
			isa = PBXFrameworksBuildPhase;
			buildActionMask = 2147483647;
			files = (
				C41F29D51F1332A500909D45 /* AudioKit.framework in Frameworks */,
			);
			runOnlyForDeploymentPostprocessing = 0;
		};
/* End PBXFrameworksBuildPhase section */

/* Begin PBXGroup section */
		941065A01F26AA60002777AB /* ViewControllers */ = {
			isa = PBXGroup;
			children = (
				9410659E1F26AA55002777AB /* ADSRViewController.swift */,
				9468E2791F2827AC00C60B1B /* SettingsViewController.swift */,
				94B69C3A1F297E2800191C87 /* FXViewController.swift */,
				C4CD8DED1F2522270011066A /* HeaderViewContoller.swift */,
				9442BBDA1F48A47B00DCCD00 /* PopUpKeyboardController.swift */,
				945C3A0F1F3143A00086D58B /* SeqViewController.swift */,
				C40770EB1F2569C8007F2C77 /* SourceMixerViewController.swift */,
				C4D193C91F1187B500FF4FE4 /* SynthOneViewController.swift */,
				945261381F2918A60037662C /* TouchPadViewController.swift */,
				94CA7BAC1F27B86D00253C09 /* UpdatableViewController.swift */,
			);
			path = ViewControllers;
			sourceTree = "<group>";
		};
		945261421F2925650037662C /* TouchPad */ = {
			isa = PBXGroup;
			children = (
				9452613E1F2925600037662C /* AKTouchPadView.swift */,
				94AF73FE1F55FAAE00ED8B51 /* TouchPointStyleKit.swift */,
				94AF74011F55FF9700ED8B51 /* TouchPoint.swift */,
			);
			path = TouchPad;
			sourceTree = "<group>";
		};
		945261431F29256F0037662C /* Knobs */ = {
			isa = PBXGroup;
			children = (
				C4F7ECAA1F2446960011B119 /* KnobStyleKit.swift */,
				C4F7ECA81F2446960011B119 /* Knob+Touches.swift */,
				C4F7ECA91F2446960011B119 /* Knob.swift */,
				C47FB3C21F36694300EF2F01 /* RateKnob.swift */,
				943B59601F36B4F200E5FBE6 /* TimeKnob.swift */,
				94E951341F3644E5009A8B00 /* Rate.swift */,
			);
			path = Knobs;
			sourceTree = "<group>";
		};
		945261441F2925860037662C /* Buttons */ = {
			isa = PBXGroup;
			children = (
				945C3A021F3141F50086D58B /* ArpButtonStyleKit.swift */,
				945C3A031F3141F50086D58B /* ArpButton.swift */,
				947956A61F329AB100FE5D9B /* ArpDirectionButton.swift */,
				947956A71F329AB100FE5D9B /* ArpDirectionStyleKit.swift */,
				94D917AB1F550D0D006ACB4E /* FlatToggleButtonStyleKit.swift */,
				94D917AE1F550D28006ACB4E /* FlatToggleButton.swift */,
				948D33A81F4DFC08006E8276 /* FilterTypeButton.swift */,
				949D93B61F2C188B007E657B /* LfoBtnStyleKit.swift */,
				949D93B51F2C188B007E657B /* LfoButton.swift */,
				949D09321F34F6FA000FB6E0 /* LFOPickerStyleKit.swift */,
				949D09331F34F6FA000FB6E0 /* LFOWavePicker.swift */,
				94DB18CE1F37D7ED008368AE /* NavButtonStyleKit.swift */,
				94DB18D11F37D879008368AE /* NavButton.swift */,
				948C54C21F3A57C600DA6081 /* SynthUIButton.swift */,
				C4F7ECAB1F2446960011B119 /* ToggleButton.swift */,
				C4F7ECA61F2446960011B119 /* ToggleButtonStyleKit.swift */,
				947956B51F32A72400FE5D9B /* ToggleSwitch.swift */,
				947956B21F32A70300FE5D9B /* ToggleSwitchStyleKit.swift */,
				94FEFEC71F3150D00064EC09 /* TransposeButton.swift */,
			);
			path = Buttons;
			sourceTree = "<group>";
		};
		945C3A081F3142050086D58B /* Sliders */ = {
			isa = PBXGroup;
			children = (
				945C3A0D1F31428B0086D58B /* SliderStyleKit.swift */,
				945C3A0E1F31428B0086D58B /* VerticalSlider.swift */,
			);
			path = Sliders;
			sourceTree = "<group>";
		};
		945C3A0B1F3142310086D58B /* Model */ = {
			isa = PBXGroup;
			children = (
				945C3A0C1F31425D0086D58B /* Arpeggiator.swift */,
			);
			path = Model;
			sourceTree = "<group>";
		};
		947956B11F329AB500FE5D9B /* Stepper */ = {
			isa = PBXGroup;
			children = (
				947956A81F329AB100FE5D9B /* Stepper.swift */,
				947956A51F329AB100FE5D9B /* StepperStyleKit.swift */,
				94FBAFE41F42A9630071235B /* TempoStepper.swift */,
				94FBAFE11F42A94E0071235B /* TempoStyleKit.swift */,
			);
			path = Stepper;
			sourceTree = "<group>";
		};
		94AF74041F56336900ED8B51 /* Keyboard */ = {
			isa = PBXGroup;
			children = (
				94FBAFDE1F42870B0071235B /* SynthKeyboard.swift */,
				94AF74051F56339B00ED8B51 /* BlackKeyStyleKit.swift */,
			);
			path = Keyboard;
			sourceTree = "<group>";
		};
		C46DE0FC1F13301C0060DD79 /* Products */ = {
			isa = PBXGroup;
			children = (
				C46DE1001F13301D0060DD79 /* AudioKit.framework */,
			);
			name = Products;
			sourceTree = "<group>";
		};
		C474D94C1F13172B00946035 /* SynthOne */ = {
			isa = PBXGroup;
			children = (
				C474D9501F13172B00946035 /* AudioUnitViewController.swift */,
				C474D9521F13172B00946035 /* MainInterface.storyboard */,
				C474D9551F13172B00946035 /* Info.plist */,
			);
			path = SynthOne;
			sourceTree = "<group>";
		};
		C4D193BB1F1187B500FF4FE4 = {
			isa = PBXGroup;
			children = (
				C46DE0FB1F13301C0060DD79 /* AudioKit For iOS.xcodeproj */,
				C4D193C61F1187B500FF4FE4 /* AudioKitSynthOne */,
				C474D94C1F13172B00946035 /* SynthOne */,
				C4D193C51F1187B500FF4FE4 /* Products */,
			);
			sourceTree = "<group>";
		};
		C4D193C51F1187B500FF4FE4 /* Products */ = {
			isa = PBXGroup;
			children = (
				C4D193C41F1187B500FF4FE4 /* AudioKitSynthOne.app */,
				C474D94B1F13172B00946035 /* SynthOne.appex */,
			);
			name = Products;
			sourceTree = "<group>";
		};
		C4D193C61F1187B500FF4FE4 /* AudioKitSynthOne */ = {
			isa = PBXGroup;
			children = (
				C4D193C71F1187B500FF4FE4 /* AppDelegate.swift */,
				C4F7ECB91F244AD40011B119 /* Extensions */,
				C4F7ECA51F2446960011B119 /* Controls */,
				C4CD8DE91F24A77C0011066A /* Conductor.swift */,
				C4CD8DDE1F2482FF0011066A /* AKSynthOne.swift */,
				C47BE1431F26822E003501FF /* AKSynthOneParameter.swift */,
				945C3A0B1F3142310086D58B /* Model */,
				941065A01F26AA60002777AB /* ViewControllers */,
				C4D193CB1F1187B500FF4FE4 /* Main.storyboard */,
				C46E16071F27FF9C00A518F5 /* Testing.playground */,
				C4D193CE1F1187B500FF4FE4 /* Assets.xcassets */,
				C4D193D31F1187B500FF4FE4 /* Info.plist */,
			);
			path = AudioKitSynthOne;
			sourceTree = "<group>";
		};
		C4F7ECA51F2446960011B119 /* Controls */ = {
			isa = PBXGroup;
			children = (
				947956B11F329AB500FE5D9B /* Stepper */,
				945C3A081F3142050086D58B /* Sliders */,
				945261441F2925860037662C /* Buttons */,
				945261431F29256F0037662C /* Knobs */,
				945261421F2925650037662C /* TouchPad */,
				94AF74041F56336900ED8B51 /* Keyboard */,
				C4EDB6C11F26DFE2006B828C /* MorphSelector.swift */,
			);
			path = Controls;
			sourceTree = "<group>";
		};
		C4F7ECB91F244AD40011B119 /* Extensions */ = {
			isa = PBXGroup;
			children = (
				C4F7ECBA1F244AD40011B119 /* CGFloat+Extensions.swift */,
				C4F7ECBB1F244AD40011B119 /* Double+Extensions.swift */,
				C4F7ECBD1F244AD40011B119 /* ViewController+DisplayAlert.swift */,
			);
			path = Extensions;
			sourceTree = "<group>";
		};
/* End PBXGroup section */

/* Begin PBXNativeTarget section */
		C474D94A1F13172B00946035 /* SynthOne */ = {
			isa = PBXNativeTarget;
			buildConfigurationList = C474D95C1F13172B00946035 /* Build configuration list for PBXNativeTarget "SynthOne" */;
			buildPhases = (
				C474D9471F13172B00946035 /* Sources */,
				C474D9481F13172B00946035 /* Frameworks */,
				C474D9491F13172B00946035 /* Resources */,
			);
			buildRules = (
			);
			dependencies = (
			);
			name = SynthOne;
			productName = SynthOne;
			productReference = C474D94B1F13172B00946035 /* SynthOne.appex */;
			productType = "com.apple.product-type.app-extension";
		};
		C4D193C31F1187B500FF4FE4 /* AudioKitSynthOne */ = {
			isa = PBXNativeTarget;
			buildConfigurationList = C4D193D61F1187B500FF4FE4 /* Build configuration list for PBXNativeTarget "AudioKitSynthOne" */;
			buildPhases = (
				C4D193C01F1187B500FF4FE4 /* Sources */,
				C4D193C11F1187B500FF4FE4 /* Frameworks */,
				C4D193C21F1187B500FF4FE4 /* Resources */,
				C474D95D1F13172B00946035 /* Embed App Extensions */,
				C474D97D1F1325D700946035 /* Embed Frameworks */,
			);
			buildRules = (
			);
			dependencies = (
				C474D9581F13172B00946035 /* PBXTargetDependency */,
				C41F29D81F1332A500909D45 /* PBXTargetDependency */,
			);
			name = AudioKitSynthOne;
			productName = AudioKitSynthOne;
			productReference = C4D193C41F1187B500FF4FE4 /* AudioKitSynthOne.app */;
			productType = "com.apple.product-type.application";
		};
/* End PBXNativeTarget section */

/* Begin PBXProject section */
		C4D193BC1F1187B500FF4FE4 /* Project object */ = {
			isa = PBXProject;
			attributes = {
				LastSwiftUpdateCheck = 0900;
				LastUpgradeCheck = 0900;
				ORGANIZATIONNAME = AudioKit;
				TargetAttributes = {
					C474D94A1F13172B00946035 = {
						CreatedOnToolsVersion = 8.3.3;
						DevelopmentTeam = K3JX989Q2W;
						LastSwiftMigration = 0900;
						ProvisioningStyle = Automatic;
					};
					C4D193C31F1187B500FF4FE4 = {
						CreatedOnToolsVersion = 8.3.3;
						DevelopmentTeam = K3JX989Q2W;
						LastSwiftMigration = 0900;
						ProvisioningStyle = Manual;
					};
				};
			};
			buildConfigurationList = C4D193BF1F1187B500FF4FE4 /* Build configuration list for PBXProject "AudioKitSynthOne" */;
			compatibilityVersion = "Xcode 3.2";
			developmentRegion = English;
			hasScannedForEncodings = 0;
			knownRegions = (
				en,
				Base,
			);
			mainGroup = C4D193BB1F1187B500FF4FE4;
			productRefGroup = C4D193C51F1187B500FF4FE4 /* Products */;
			projectDirPath = "";
			projectReferences = (
				{
					ProductGroup = C46DE0FC1F13301C0060DD79 /* Products */;
					ProjectRef = C46DE0FB1F13301C0060DD79 /* AudioKit For iOS.xcodeproj */;
				},
			);
			projectRoot = "";
			targets = (
				C4D193C31F1187B500FF4FE4 /* AudioKitSynthOne */,
				C474D94A1F13172B00946035 /* SynthOne */,
			);
		};
/* End PBXProject section */

/* Begin PBXReferenceProxy section */
		C46DE1001F13301D0060DD79 /* AudioKit.framework */ = {
			isa = PBXReferenceProxy;
			fileType = wrapper.framework;
			path = AudioKit.framework;
			remoteRef = C46DE0FF1F13301D0060DD79 /* PBXContainerItemProxy */;
			sourceTree = BUILT_PRODUCTS_DIR;
		};
/* End PBXReferenceProxy section */

/* Begin PBXResourcesBuildPhase section */
		C474D9491F13172B00946035 /* Resources */ = {
			isa = PBXResourcesBuildPhase;
			buildActionMask = 2147483647;
			files = (
				C4060AC71F2457CB00BB8882 /* Assets.xcassets in Resources */,
				C474D9541F13172B00946035 /* MainInterface.storyboard in Resources */,
			);
			runOnlyForDeploymentPostprocessing = 0;
		};
		C4D193C21F1187B500FF4FE4 /* Resources */ = {
			isa = PBXResourcesBuildPhase;
			buildActionMask = 2147483647;
			files = (
				C4D193CF1F1187B500FF4FE4 /* Assets.xcassets in Resources */,
				C4D193CD1F1187B500FF4FE4 /* Main.storyboard in Resources */,
			);
			runOnlyForDeploymentPostprocessing = 0;
		};
/* End PBXResourcesBuildPhase section */

/* Begin PBXSourcesBuildPhase section */
		C474D9471F13172B00946035 /* Sources */ = {
			isa = PBXSourcesBuildPhase;
			buildActionMask = 2147483647;
			files = (
				C4060AC31F24561A00BB8882 /* ToggleButton.swift in Sources */,
				94FBAFE31F42A94E0071235B /* TempoStyleKit.swift in Sources */,
				947956AE1F329AB200FE5D9B /* StepperStyleKit.swift in Sources */,
				C4EDB6C31F26DFEA006B828C /* MorphSelector.swift in Sources */,
				94AF74031F56008700ED8B51 /* TouchPoint.swift in Sources */,
				945C3A111F31450B0086D58B /* SeqViewController.swift in Sources */,
				948D33AA1F4DFC08006E8276 /* FilterTypeButton.swift in Sources */,
				94CA7BAF1F27BD1F00253C09 /* ADSRViewController.swift in Sources */,
				C4060AC61F24568600BB8882 /* ViewController+DisplayAlert.swift in Sources */,
				94B69C3C1F297E9F00191C87 /* FXViewController.swift in Sources */,
				C4060AC01F24561A00BB8882 /* Knob+Touches.swift in Sources */,
				947956B01F329AB200FE5D9B /* ArpDirectionStyleKit.swift in Sources */,
				9489EF661F3145F200416F26 /* SliderStyleKit.swift in Sources */,
				949D09351F34F6FB000FB6E0 /* LFOWavePicker.swift in Sources */,
				94AF73FF1F55FAAF00ED8B51 /* TouchPointStyleKit.swift in Sources */,
				94CA7BAE1F27BCE200253C09 /* UpdatableViewController.swift in Sources */,
				94FBAFE61F42A97B0071235B /* TempoStepper.swift in Sources */,
				94D917AC1F550D0E006ACB4E /* FlatToggleButtonStyleKit.swift in Sources */,
				9489EF641F3145EE00416F26 /* VerticalSlider.swift in Sources */,
				C4060AC51F24568600BB8882 /* Double+Extensions.swift in Sources */,
				C47FB3C51F366D6400EF2F01 /* Rate.swift in Sources */,
				948C54C41F3A59F000DA6081 /* SynthUIButton.swift in Sources */,
				947956B71F32A72400FE5D9B /* ToggleSwitch.swift in Sources */,
				945261401F2925610037662C /* AKTouchPadView.swift in Sources */,
				C40770EE1F257124007F2C77 /* HeaderViewContoller.swift in Sources */,
				94FEFEC81F3150D00064EC09 /* TransposeButton.swift in Sources */,
				94D917B01F550D28006ACB4E /* FlatToggleButton.swift in Sources */,
				949D93BA1F2C188C007E657B /* LfoButton.swift in Sources */,
				C4CD8DE41F248C570011066A /* SynthOneViewController.swift in Sources */,
				947956B41F32A70400FE5D9B /* ToggleSwitchStyleKit.swift in Sources */,
				C4060AC11F24561A00BB8882 /* Knob.swift in Sources */,
				C40770ED1F25703B007F2C77 /* SourceMixerViewController.swift in Sources */,
				94FBAFE01F42873F0071235B /* SynthKeyboard.swift in Sources */,
				94BDBD661F282956007BB7BD /* SettingsViewController.swift in Sources */,
				947956AC1F329AB200FE5D9B /* ArpDirectionButton.swift in Sources */,
				945C3A051F3141F60086D58B /* ArpButtonStyleKit.swift in Sources */,
				94DB18D31F37DD4B008368AE /* NavButton.swift in Sources */,
				941065A21F26B038002777AB /* AKSynthOneParameter.swift in Sources */,
				9442BBDC1F48A47C00DCCD00 /* PopUpKeyboardController.swift in Sources */,
				C4060ABE1F24561A00BB8882 /* ToggleButtonStyleKit.swift in Sources */,
				945261491F2928880037662C /* TouchPadViewController.swift in Sources */,
				947956AA1F329AB200FE5D9B /* Stepper.swift in Sources */,
				94AF74061F56339C00ED8B51 /* BlackKeyStyleKit.swift in Sources */,
				C4060AC21F24561A00BB8882 /* KnobStyleKit.swift in Sources */,
				94DB18D01F37D7EE008368AE /* NavButtonStyleKit.swift in Sources */,
				C4060AC41F24568600BB8882 /* CGFloat+Extensions.swift in Sources */,
				C4CD8DEB1F24A9CE0011066A /* Conductor.swift in Sources */,
				949D93B81F2C188C007E657B /* LfoBtnStyleKit.swift in Sources */,
				949D09371F34F6FB000FB6E0 /* LFOPickerStyleKit.swift in Sources */,
				C47FB3C41F366BBD00EF2F01 /* RateKnob.swift in Sources */,
				945C3A071F3141F60086D58B /* ArpButton.swift in Sources */,
				C474D9511F13172B00946035 /* AudioUnitViewController.swift in Sources */,
				C4CD8DE81F2497850011066A /* AKSynthOne.swift in Sources */,
			);
			runOnlyForDeploymentPostprocessing = 0;
		};
		C4D193C01F1187B500FF4FE4 /* Sources */ = {
			isa = PBXSourcesBuildPhase;
			buildActionMask = 2147483647;
			files = (
				9410659F1F26AA55002777AB /* ADSRViewController.swift in Sources */,
				94AF74001F55FAAF00ED8B51 /* TouchPointStyleKit.swift in Sources */,
				947956AD1F329AB200FE5D9B /* StepperStyleKit.swift in Sources */,
				C4CD8DDF1F2482FF0011066A /* AKSynthOne.swift in Sources */,
				945C3A101F3143A00086D58B /* SeqViewController.swift in Sources */,
				943B59611F36B4F200E5FBE6 /* TimeKnob.swift in Sources */,
				C4F7ECB71F244A510011B119 /* KnobStyleKit.swift in Sources */,
				C4F7ECAF1F244A4B0011B119 /* ToggleButtonStyleKit.swift in Sources */,
				94AF74071F56339C00ED8B51 /* BlackKeyStyleKit.swift in Sources */,
				94B69C3B1F297E2800191C87 /* FXViewController.swift in Sources */,
				94FBAFE21F42A94E0071235B /* TempoStyleKit.swift in Sources */,
				94DB18CF1F37D7EE008368AE /* NavButtonStyleKit.swift in Sources */,
				C4D193CA1F1187B500FF4FE4 /* SynthOneViewController.swift in Sources */,
				947956AF1F329AB200FE5D9B /* ArpDirectionStyleKit.swift in Sources */,
				9489EF651F3145F100416F26 /* SliderStyleKit.swift in Sources */,
				94FBAFE51F42A9630071235B /* TempoStepper.swift in Sources */,
				949D09341F34F6FB000FB6E0 /* LFOWavePicker.swift in Sources */,
				C4F7ECC11F244ADB0011B119 /* ViewController+DisplayAlert.swift in Sources */,
				9489EF631F3145ED00416F26 /* VerticalSlider.swift in Sources */,
				94D917AD1F550D0E006ACB4E /* FlatToggleButtonStyleKit.swift in Sources */,
				9442BBDB1F48A47C00DCCD00 /* PopUpKeyboardController.swift in Sources */,
				C4EDB6C21F26DFE9006B828C /* MorphSelector.swift in Sources */,
				94FBAFDF1F42870B0071235B /* SynthKeyboard.swift in Sources */,
				947956B61F32A72400FE5D9B /* ToggleSwitch.swift in Sources */,
				945261411F2925610037662C /* AKTouchPadView.swift in Sources */,
				C4F7ECB81F244A510011B119 /* ToggleButton.swift in Sources */,
				948D33A91F4DFC08006E8276 /* FilterTypeButton.swift in Sources */,
				94FEFEC91F3150D00064EC09 /* TransposeButton.swift in Sources */,
				949D93B91F2C188C007E657B /* LfoButton.swift in Sources */,
				94DB18D21F37D879008368AE /* NavButton.swift in Sources */,
				C4F7ECB51F244A510011B119 /* Knob+Touches.swift in Sources */,
				947956B31F32A70400FE5D9B /* ToggleSwitchStyleKit.swift in Sources */,
				C4F7ECBE1F244ADB0011B119 /* CGFloat+Extensions.swift in Sources */,
				C47BE1441F26822F003501FF /* AKSynthOneParameter.swift in Sources */,
				C47FB3C31F36694300EF2F01 /* RateKnob.swift in Sources */,
				9468E27A1F2827AC00C60B1B /* SettingsViewController.swift in Sources */,
				947956AB1F329AB200FE5D9B /* ArpDirectionButton.swift in Sources */,
				945C3A041F3141F60086D58B /* ArpButtonStyleKit.swift in Sources */,
				94CA7BAD1F27B86D00253C09 /* UpdatableViewController.swift in Sources */,
				94AF74021F55FF9700ED8B51 /* TouchPoint.swift in Sources */,
				C40770EC1F2569C8007F2C77 /* SourceMixerViewController.swift in Sources */,
				945261481F2928870037662C /* TouchPadViewController.swift in Sources */,
				947956A91F329AB200FE5D9B /* Stepper.swift in Sources */,
				C4D193C81F1187B500FF4FE4 /* AppDelegate.swift in Sources */,
				C4CD8DEA1F24A77D0011066A /* Conductor.swift in Sources */,
				C4F7ECBF1F244ADB0011B119 /* Double+Extensions.swift in Sources */,
				949D93B71F2C188C007E657B /* LfoBtnStyleKit.swift in Sources */,
				949D09361F34F6FB000FB6E0 /* LFOPickerStyleKit.swift in Sources */,
				945C3A061F3141F60086D58B /* ArpButton.swift in Sources */,
				C4CD8DEE1F2522270011066A /* HeaderViewContoller.swift in Sources */,
				94E951351F3644E5009A8B00 /* Rate.swift in Sources */,
				94D917AF1F550D28006ACB4E /* FlatToggleButton.swift in Sources */,
				948C54C31F3A57C600DA6081 /* SynthUIButton.swift in Sources */,
				C4F7ECB61F244A510011B119 /* Knob.swift in Sources */,
			);
			runOnlyForDeploymentPostprocessing = 0;
		};
/* End PBXSourcesBuildPhase section */

/* Begin PBXTargetDependency section */
		C41F29D81F1332A500909D45 /* PBXTargetDependency */ = {
			isa = PBXTargetDependency;
			name = AudioKit;
			targetProxy = C41F29D71F1332A500909D45 /* PBXContainerItemProxy */;
		};
		C474D9581F13172B00946035 /* PBXTargetDependency */ = {
			isa = PBXTargetDependency;
			target = C474D94A1F13172B00946035 /* SynthOne */;
			targetProxy = C474D9571F13172B00946035 /* PBXContainerItemProxy */;
		};
/* End PBXTargetDependency section */

/* Begin PBXVariantGroup section */
		C474D9521F13172B00946035 /* MainInterface.storyboard */ = {
			isa = PBXVariantGroup;
			children = (
				C474D9531F13172B00946035 /* Base */,
			);
			name = MainInterface.storyboard;
			sourceTree = "<group>";
		};
		C4D193CB1F1187B500FF4FE4 /* Main.storyboard */ = {
			isa = PBXVariantGroup;
			children = (
				C4D193CC1F1187B500FF4FE4 /* Base */,
			);
			name = Main.storyboard;
			sourceTree = "<group>";
		};
/* End PBXVariantGroup section */

/* Begin XCBuildConfiguration section */
		C474D95A1F13172B00946035 /* Debug */ = {
			isa = XCBuildConfiguration;
			buildSettings = {
				DEVELOPMENT_TEAM = K3JX989Q2W;
				INFOPLIST_FILE = SynthOne/Info.plist;
				IPHONEOS_DEPLOYMENT_TARGET = 10.3;
				LD_RUNPATH_SEARCH_PATHS = "$(inherited) @executable_path/Frameworks @executable_path/../../Frameworks";
				PRODUCT_BUNDLE_IDENTIFIER = io.audiokit.AudioKitSynthOne.SynthOne;
				PRODUCT_NAME = "$(TARGET_NAME)";
				SKIP_INSTALL = YES;
				SWIFT_OBJC_BRIDGING_HEADER = "";
				SWIFT_VERSION = 3.0;
			};
			name = Debug;
		};
		C474D95B1F13172B00946035 /* Release */ = {
			isa = XCBuildConfiguration;
			buildSettings = {
				DEVELOPMENT_TEAM = K3JX989Q2W;
				INFOPLIST_FILE = SynthOne/Info.plist;
				IPHONEOS_DEPLOYMENT_TARGET = 10.3;
				LD_RUNPATH_SEARCH_PATHS = "$(inherited) @executable_path/Frameworks @executable_path/../../Frameworks";
				PRODUCT_BUNDLE_IDENTIFIER = io.audiokit.AudioKitSynthOne.SynthOne;
				PRODUCT_NAME = "$(TARGET_NAME)";
				SKIP_INSTALL = YES;
				SWIFT_OBJC_BRIDGING_HEADER = "";
				SWIFT_VERSION = 3.0;
			};
			name = Release;
		};
		C4D193D41F1187B500FF4FE4 /* Debug */ = {
			isa = XCBuildConfiguration;
			buildSettings = {
				ALWAYS_SEARCH_USER_PATHS = NO;
				CLANG_ANALYZER_NONNULL = YES;
				CLANG_ANALYZER_NUMBER_OBJECT_CONVERSION = YES_AGGRESSIVE;
				CLANG_CXX_LANGUAGE_STANDARD = "gnu++0x";
				CLANG_CXX_LIBRARY = "libc++";
				CLANG_ENABLE_MODULES = YES;
				CLANG_ENABLE_OBJC_ARC = YES;
				CLANG_WARN_BLOCK_CAPTURE_AUTORELEASING = YES;
				CLANG_WARN_BOOL_CONVERSION = YES;
				CLANG_WARN_COMMA = YES;
				CLANG_WARN_CONSTANT_CONVERSION = YES;
				CLANG_WARN_DIRECT_OBJC_ISA_USAGE = YES_ERROR;
				CLANG_WARN_DOCUMENTATION_COMMENTS = YES;
				CLANG_WARN_EMPTY_BODY = YES;
				CLANG_WARN_ENUM_CONVERSION = YES;
				CLANG_WARN_INFINITE_RECURSION = YES;
				CLANG_WARN_INT_CONVERSION = YES;
				CLANG_WARN_NON_LITERAL_NULL_CONVERSION = YES;
				CLANG_WARN_OBJC_LITERAL_CONVERSION = YES;
				CLANG_WARN_OBJC_ROOT_CLASS = YES_ERROR;
				CLANG_WARN_RANGE_LOOP_ANALYSIS = YES;
				CLANG_WARN_STRICT_PROTOTYPES = YES;
				CLANG_WARN_SUSPICIOUS_MOVE = YES;
				CLANG_WARN_UNREACHABLE_CODE = YES;
				CLANG_WARN__DUPLICATE_METHOD_MATCH = YES;
				"CODE_SIGN_IDENTITY[sdk=iphoneos*]" = "iPhone Developer";
				COPY_PHASE_STRIP = NO;
				DEBUG_INFORMATION_FORMAT = dwarf;
				ENABLE_STRICT_OBJC_MSGSEND = YES;
				ENABLE_TESTABILITY = YES;
				GCC_C_LANGUAGE_STANDARD = gnu99;
				GCC_DYNAMIC_NO_PIC = NO;
				GCC_NO_COMMON_BLOCKS = YES;
				GCC_OPTIMIZATION_LEVEL = 0;
				GCC_PREPROCESSOR_DEFINITIONS = (
					"DEBUG=1",
					"$(inherited)",
				);
				GCC_WARN_64_TO_32_BIT_CONVERSION = YES;
				GCC_WARN_ABOUT_RETURN_TYPE = YES_ERROR;
				GCC_WARN_UNDECLARED_SELECTOR = YES;
				GCC_WARN_UNINITIALIZED_AUTOS = YES_AGGRESSIVE;
				GCC_WARN_UNUSED_FUNCTION = YES;
				GCC_WARN_UNUSED_VARIABLE = YES;
				IPHONEOS_DEPLOYMENT_TARGET = 10.3;
				MTL_ENABLE_DEBUG_INFO = YES;
				ONLY_ACTIVE_ARCH = YES;
				SDKROOT = iphoneos;
				SWIFT_ACTIVE_COMPILATION_CONDITIONS = DEBUG;
				SWIFT_OPTIMIZATION_LEVEL = "-Onone";
				TARGETED_DEVICE_FAMILY = "1,2";
			};
			name = Debug;
		};
		C4D193D51F1187B500FF4FE4 /* Release */ = {
			isa = XCBuildConfiguration;
			buildSettings = {
				ALWAYS_SEARCH_USER_PATHS = NO;
				CLANG_ANALYZER_NONNULL = YES;
				CLANG_ANALYZER_NUMBER_OBJECT_CONVERSION = YES_AGGRESSIVE;
				CLANG_CXX_LANGUAGE_STANDARD = "gnu++0x";
				CLANG_CXX_LIBRARY = "libc++";
				CLANG_ENABLE_MODULES = YES;
				CLANG_ENABLE_OBJC_ARC = YES;
				CLANG_WARN_BLOCK_CAPTURE_AUTORELEASING = YES;
				CLANG_WARN_BOOL_CONVERSION = YES;
				CLANG_WARN_COMMA = YES;
				CLANG_WARN_CONSTANT_CONVERSION = YES;
				CLANG_WARN_DIRECT_OBJC_ISA_USAGE = YES_ERROR;
				CLANG_WARN_DOCUMENTATION_COMMENTS = YES;
				CLANG_WARN_EMPTY_BODY = YES;
				CLANG_WARN_ENUM_CONVERSION = YES;
				CLANG_WARN_INFINITE_RECURSION = YES;
				CLANG_WARN_INT_CONVERSION = YES;
				CLANG_WARN_NON_LITERAL_NULL_CONVERSION = YES;
				CLANG_WARN_OBJC_LITERAL_CONVERSION = YES;
				CLANG_WARN_OBJC_ROOT_CLASS = YES_ERROR;
				CLANG_WARN_RANGE_LOOP_ANALYSIS = YES;
				CLANG_WARN_STRICT_PROTOTYPES = YES;
				CLANG_WARN_SUSPICIOUS_MOVE = YES;
				CLANG_WARN_UNREACHABLE_CODE = YES;
				CLANG_WARN__DUPLICATE_METHOD_MATCH = YES;
				"CODE_SIGN_IDENTITY[sdk=iphoneos*]" = "iPhone Developer";
				COPY_PHASE_STRIP = NO;
				DEBUG_INFORMATION_FORMAT = "dwarf-with-dsym";
				ENABLE_NS_ASSERTIONS = NO;
				ENABLE_STRICT_OBJC_MSGSEND = YES;
				GCC_C_LANGUAGE_STANDARD = gnu99;
				GCC_NO_COMMON_BLOCKS = YES;
				GCC_WARN_64_TO_32_BIT_CONVERSION = YES;
				GCC_WARN_ABOUT_RETURN_TYPE = YES_ERROR;
				GCC_WARN_UNDECLARED_SELECTOR = YES;
				GCC_WARN_UNINITIALIZED_AUTOS = YES_AGGRESSIVE;
				GCC_WARN_UNUSED_FUNCTION = YES;
				GCC_WARN_UNUSED_VARIABLE = YES;
				IPHONEOS_DEPLOYMENT_TARGET = 10.3;
				MTL_ENABLE_DEBUG_INFO = NO;
				SDKROOT = iphoneos;
				SWIFT_OPTIMIZATION_LEVEL = "-Owholemodule";
				TARGETED_DEVICE_FAMILY = "1,2";
				VALIDATE_PRODUCT = YES;
			};
			name = Release;
		};
		C4D193D71F1187B500FF4FE4 /* Debug */ = {
			isa = XCBuildConfiguration;
			buildSettings = {
				ALWAYS_EMBED_SWIFT_STANDARD_LIBRARIES = YES;
				ASSETCATALOG_COMPILER_APPICON_NAME = AppIcon;
				ASSETCATALOG_COMPILER_LAUNCHIMAGE_NAME = LaunchImage;
				CLANG_ENABLE_MODULES = YES;
				"CODE_SIGN_IDENTITY[sdk=iphoneos*]" = "iPhone Developer";
				CODE_SIGN_STYLE = Manual;
				DEVELOPMENT_TEAM = K3JX989Q2W;
				INFOPLIST_FILE = AudioKitSynthOne/Info.plist;
				IPHONEOS_DEPLOYMENT_TARGET = 10.3;
				LD_RUNPATH_SEARCH_PATHS = "$(inherited) @executable_path/Frameworks";
				PRODUCT_BUNDLE_IDENTIFIER = io.audiokit.AudioKitSynthOne;
				PRODUCT_NAME = "$(TARGET_NAME)";
				PROVISIONING_PROFILE = "5be24b92-5a65-4911-a29d-beec928d013f";
				PROVISIONING_PROFILE_SPECIFIER = "AudioKit Synth One New";
				SWIFT_OBJC_BRIDGING_HEADER = "";
				SWIFT_OPTIMIZATION_LEVEL = "-Onone";
				SWIFT_VERSION = 3.0;
				TARGETED_DEVICE_FAMILY = "1,2";
			};
			name = Debug;
		};
		C4D193D81F1187B500FF4FE4 /* Release */ = {
			isa = XCBuildConfiguration;
			buildSettings = {
				ALWAYS_EMBED_SWIFT_STANDARD_LIBRARIES = YES;
				ASSETCATALOG_COMPILER_APPICON_NAME = AppIcon;
				ASSETCATALOG_COMPILER_LAUNCHIMAGE_NAME = LaunchImage;
				CLANG_ENABLE_MODULES = YES;
				"CODE_SIGN_IDENTITY[sdk=iphoneos*]" = "iPhone Developer";
				CODE_SIGN_STYLE = Manual;
				DEVELOPMENT_TEAM = K3JX989Q2W;
				INFOPLIST_FILE = AudioKitSynthOne/Info.plist;
				IPHONEOS_DEPLOYMENT_TARGET = 10.3;
				LD_RUNPATH_SEARCH_PATHS = "$(inherited) @executable_path/Frameworks";
				PRODUCT_BUNDLE_IDENTIFIER = io.audiokit.AudioKitSynthOne;
				PRODUCT_NAME = "$(TARGET_NAME)";
				PROVISIONING_PROFILE = "5be24b92-5a65-4911-a29d-beec928d013f";
				PROVISIONING_PROFILE_SPECIFIER = "AudioKit Synth One New";
				SWIFT_OBJC_BRIDGING_HEADER = "";
				SWIFT_VERSION = 3.0;
				TARGETED_DEVICE_FAMILY = "1,2";
			};
			name = Release;
		};
/* End XCBuildConfiguration section */

/* Begin XCConfigurationList section */
		C474D95C1F13172B00946035 /* Build configuration list for PBXNativeTarget "SynthOne" */ = {
			isa = XCConfigurationList;
			buildConfigurations = (
				C474D95A1F13172B00946035 /* Debug */,
				C474D95B1F13172B00946035 /* Release */,
			);
			defaultConfigurationIsVisible = 0;
			defaultConfigurationName = Release;
		};
		C4D193BF1F1187B500FF4FE4 /* Build configuration list for PBXProject "AudioKitSynthOne" */ = {
			isa = XCConfigurationList;
			buildConfigurations = (
				C4D193D41F1187B500FF4FE4 /* Debug */,
				C4D193D51F1187B500FF4FE4 /* Release */,
			);
			defaultConfigurationIsVisible = 0;
			defaultConfigurationName = Release;
		};
		C4D193D61F1187B500FF4FE4 /* Build configuration list for PBXNativeTarget "AudioKitSynthOne" */ = {
			isa = XCConfigurationList;
			buildConfigurations = (
				C4D193D71F1187B500FF4FE4 /* Debug */,
				C4D193D81F1187B500FF4FE4 /* Release */,
			);
			defaultConfigurationIsVisible = 0;
			defaultConfigurationName = Release;
		};
/* End XCConfigurationList section */
	};
	rootObject = C4D193BC1F1187B500FF4FE4 /* Project object */;
}
