PODS:
  - Audiobus (3.0.6)
  - AudioKit (4.7):
    - AudioKit/Core (= 4.7)
    - AudioKit/UI (= 4.7)
  - AudioKit/Core (4.7)
  - AudioKit/UI (4.7):
    - AudioKit/Core
  - ChimpKit (3.1.1)
  - Disk (0.3.3)
  - OneSignal (2.9.5)

DEPENDENCIES:
  - Audiobus
  - AudioKit (>= 4.7)
  - ChimpKit
  - Disk (~> 0.3.2)
  - OneSignal (< 3.0, >= 2.6.2)

SPEC REPOS:
  https://github.com/cocoapods/specs.git:
    - Audiobus
    - AudioKit
    - ChimpKit
    - Disk
    - OneSignal

SPEC CHECKSUMS:
  Audiobus: d1a5fa8e61b62718d7a6b0bbd9a793fc24aafcda
  AudioKit: 8b3c883fb6023d1b30764e40372991c9c66aa022
  ChimpKit: d020126089544daa349397a91f1489a3f271b791
  Disk: d1f55cd61f6ca20f368232d0c6e37e3c3dfcb63e
  OneSignal: ccdeb961882f8668305e5b694e2cb7cb325fc907

PODFILE CHECKSUM: 1a88925531929cd8e6cd7b6be3c6b417d8881e88

COCOAPODS: 1.5.3
